Microsoft Visual Studio Solution File, Format Version 11.00
# Visual Studio 2008

Project("{03920D1A-0983-E5E9-FC12-C0C858B81F81}") = "ProtótipoGame", "Assembly-CSharp-firstpass.csproj", "{A8ED0A3F-2AB1-FE58-8093-A4017968203E}"
EndProject
Project("{03920D1A-0983-E5E9-FC12-C0C858B81F81}") = "ProtótipoGame", "Assembly-CSharp.csproj", "{7B2F4D8F-8757-7592-30BA-7E73ED935BB4}"
EndProject
Project("{03920D1A-0983-E5E9-FC12-C0C858B81F81}") = "ProtótipoGame", "Assembly-CSharp-Editor.csproj", "{C7625F9D-B703-AE20-6DFE-C7AFE147BB97}"
EndProject
Global
	GlobalSection(SolutionConfigurationPlatforms) = preSolution
		Debug|Any CPU = Debug|Any CPU
		Release|Any CPU = Release|Any CPU
	EndGlobalSection
	GlobalSection(ProjectConfigurationPlatforms) = postSolution
		{A8ED0A3F-2AB1-FE58-8093-A4017968203E}.Debug|Any CPU.ActiveCfg = Debug|Any CPU
		{A8ED0A3F-2AB1-FE58-8093-A4017968203E}.Debug|Any CPU.Build.0 = Debug|Any CPU
		{A8ED0A3F-2AB1-FE58-8093-A4017968203E}.Release|Any CPU.ActiveCfg = Release|Any CPU
		{A8ED0A3F-2AB1-FE58-8093-A4017968203E}.Release|Any CPU.Build.0 = Release|Any CPU
		{7B2F4D8F-8757-7592-30BA-7E73ED935BB4}.Debug|Any CPU.ActiveCfg = Debug|Any CPU
		{7B2F4D8F-8757-7592-30BA-7E73ED935BB4}.Debug|Any CPU.Build.0 = Debug|Any CPU
		{7B2F4D8F-8757-7592-30BA-7E73ED935BB4}.Release|Any CPU.ActiveCfg = Release|Any CPU
		{7B2F4D8F-8757-7592-30BA-7E73ED935BB4}.Release|Any CPU.Build.0 = Release|Any CPU
		{C7625F9D-B703-AE20-6DFE-C7AFE147BB97}.Debug|Any CPU.ActiveCfg = Debug|Any CPU
		{C7625F9D-B703-AE20-6DFE-C7AFE147BB97}.Debug|Any CPU.Build.0 = Debug|Any CPU
		{C7625F9D-B703-AE20-6DFE-C7AFE147BB97}.Release|Any CPU.ActiveCfg = Release|Any CPU
		{C7625F9D-B703-AE20-6DFE-C7AFE147BB97}.Release|Any CPU.Build.0 = Release|Any CPU
	EndGlobalSection
	GlobalSection(SolutionProperties) = preSolution
		HideSolutionNode = FALSE
	EndGlobalSection
																	GlobalSection(MonoDevelopProperties) = preSolution
		StartupItem = Assembly-CSharp.csproj
		Policies = $0
		$0.TextStylePolicy = $1
		$1.inheritsSet = null
		$1.scope = text/x-csharp
		$0.CSharpFormattingPolicy = $2
		$2.inheritsSet = Mono
		$2.inheritsScope = text/x-csharp
		$2.scope = text/x-csharp
		$0.TextStylePolicy = $3
		$3.FileWidth = 120
		$3.TabWidth = 4
		$3.IndentWidth = 4
		$3.EolMarker = Unix
		$3.inheritsSet = Mono
		$3.inheritsScope = text/plain
		$3.scope = text/plain
	EndGlobalSection

EndGlobal
